
Microsoft Visual Studio Solution File, Format Version 12.00
# Visual Studio Version 16
VisualStudioVersion = 16.0.30804.86
MinimumVisualStudioVersion = 10.0.40219.1
Project("{FAE04EC0-301F-11D3-BF4B-00C04F79EFBC}") = "DiscordBotExample", "DiscordBotExample.csproj", "{FD2D142B-D267-41E3-9B4C-16A8E15A0150}"
EndProject
Global
	GlobalSection(SolutionConfigurationPlatforms) = preSolution
		Debug|Any CPU = Debug|Any CPU
		Release|Any CPU = Release|Any CPU
	EndGlobalSection
	GlobalSection(ProjectConfigurationPlatforms) = postSolution
		{FD2D142B-D267-41E3-9B4C-16A8E15A0150}.Debug|Any CPU.ActiveCfg = Debug|Any CPU
		{FD2D142B-D267-41E3-9B4C-16A8E15A0150}.Debug|Any CPU.Build.0 = Debug|Any CPU
		{FD2D142B-D267-41E3-9B4C-16A8E15A0150}.Release|Any CPU.ActiveCfg = Release|Any CPU
		{FD2D142B-D267-41E3-9B4C-16A8E15A0150}.Release|Any CPU.Build.0 = Release|Any CPU
	EndGlobalSection
	GlobalSection(SolutionProperties) = preSolution
		HideSolutionNode = FALSE
	EndGlobalSection
	GlobalSection(ExtensibilityGlobals) = postSolution
		SolutionGuid = {92E27326-F810-4FF3-8B86-7B0362003BEA}
	EndGlobalSection
EndGlobal
